
Microsoft Visual Studio Solution File, Format Version 12.00
# Visual Studio Version 17
VisualStudioVersion = 17.12.35514.174
MinimumVisualStudioVersion = 10.0.40219.1
Project("{FAE04EC0-301F-11D3-BF4B-00C04F79EFBC}") = "AzureCosmosIntegration", "AzureCosmosIntegration.csproj", "{07191EAB-282C-4D3D-87D4-43B08C805582}"
EndProject
Project("{FAE04EC0-301F-11D3-BF4B-00C04F79EFBC}") = "DomainLayer", "..\DomainLayer\DomainLayer.csproj", "{C220AC2E-CE91-4D19-AB87-16163791FC18}"
EndProject
Global
	GlobalSection(SolutionConfigurationPlatforms) = preSolution
		Debug|Any CPU = Debug|Any CPU
		Release|Any CPU = Release|Any CPU
	EndGlobalSection
	GlobalSection(ProjectConfigurationPlatforms) = postSolution
		{07191EAB-282C-4D3D-87D4-43B08C805582}.Debug|Any CPU.ActiveCfg = Debug|Any CPU
		{07191EAB-282C-4D3D-87D4-43B08C805582}.Debug|Any CPU.Build.0 = Debug|Any CPU
		{07191EAB-282C-4D3D-87D4-43B08C805582}.Release|Any CPU.ActiveCfg = Release|Any CPU
		{07191EAB-282C-4D3D-87D4-43B08C805582}.Release|Any CPU.Build.0 = Release|Any CPU
		{C220AC2E-CE91-4D19-AB87-16163791FC18}.Debug|Any CPU.ActiveCfg = Debug|Any CPU
		{C220AC2E-CE91-4D19-AB87-16163791FC18}.Debug|Any CPU.Build.0 = Debug|Any CPU
		{C220AC2E-CE91-4D19-AB87-16163791FC18}.Release|Any CPU.ActiveCfg = Release|Any CPU
		{C220AC2E-CE91-4D19-AB87-16163791FC18}.Release|Any CPU.Build.0 = Release|Any CPU
	EndGlobalSection
	GlobalSection(SolutionProperties) = preSolution
		HideSolutionNode = FALSE
	EndGlobalSection
EndGlobal
